
Microsoft Visual Studio Solution File, Format Version 12.00
# Visual Studio Version 17
VisualStudioVersion = 17.9.34701.34
MinimumVisualStudioVersion = 10.0.40219.1
Project("{FAE04EC0-301F-11D3-BF4B-00C04F79EFBC}") = "Prj_AplicationCore", "Prj_AplicationCore\Prj_AplicationCore.csproj", "{0F112465-29BC-4FBC-8F29-1F37C753A6D3}"
EndProject
Project("{FAE04EC0-301F-11D3-BF4B-00C04F79EFBC}") = "Prj_Infraestructure", "Prj_Infraestructure\Prj_Infraestructure.csproj", "{FE63C772-67AD-4480-BC18-8A6D1C8B89F1}"
EndProject
Project("{FAE04EC0-301F-11D3-BF4B-00C04F79EFBC}") = "Prj_eOBot", "Prj_eOBot\Prj_eOBot.csproj", "{B730EA08-8786-4FD4-85CB-A05B0C5BB525}"
EndProject
Global
	GlobalSection(SolutionConfigurationPlatforms) = preSolution
		Debug|Any CPU = Debug|Any CPU
		Release|Any CPU = Release|Any CPU
	EndGlobalSection
	GlobalSection(ProjectConfigurationPlatforms) = postSolution
		{0F112465-29BC-4FBC-8F29-1F37C753A6D3}.Debug|Any CPU.ActiveCfg = Debug|Any CPU
		{0F112465-29BC-4FBC-8F29-1F37C753A6D3}.Debug|Any CPU.Build.0 = Debug|Any CPU
		{0F112465-29BC-4FBC-8F29-1F37C753A6D3}.Release|Any CPU.ActiveCfg = Release|Any CPU
		{0F112465-29BC-4FBC-8F29-1F37C753A6D3}.Release|Any CPU.Build.0 = Release|Any CPU
		{FE63C772-67AD-4480-BC18-8A6D1C8B89F1}.Debug|Any CPU.ActiveCfg = Debug|Any CPU
		{FE63C772-67AD-4480-BC18-8A6D1C8B89F1}.Debug|Any CPU.Build.0 = Debug|Any CPU
		{FE63C772-67AD-4480-BC18-8A6D1C8B89F1}.Release|Any CPU.ActiveCfg = Release|Any CPU
		{FE63C772-67AD-4480-BC18-8A6D1C8B89F1}.Release|Any CPU.Build.0 = Release|Any CPU
		{B730EA08-8786-4FD4-85CB-A05B0C5BB525}.Debug|Any CPU.ActiveCfg = Debug|Any CPU
		{B730EA08-8786-4FD4-85CB-A05B0C5BB525}.Debug|Any CPU.Build.0 = Debug|Any CPU
		{B730EA08-8786-4FD4-85CB-A05B0C5BB525}.Release|Any CPU.ActiveCfg = Release|Any CPU
		{B730EA08-8786-4FD4-85CB-A05B0C5BB525}.Release|Any CPU.Build.0 = Release|Any CPU
	EndGlobalSection
	GlobalSection(SolutionProperties) = preSolution
		HideSolutionNode = FALSE
	EndGlobalSection
	GlobalSection(ExtensibilityGlobals) = postSolution
		SolutionGuid = {40D48B80-3A06-47A4-9A13-03ECE3DC9C6C}
	EndGlobalSection
EndGlobal
